
Microsoft Visual Studio Solution File, Format Version 12.00
# Visual Studio 14
VisualStudioVersion = 14.0.25420.1
MinimumVisualStudioVersion = 10.0.40219.1
Project("{FAE04EC0-301F-11D3-BF4B-00C04F79EFBC}") = "BreweryServices", "BreweryServices\BreweryServices.csproj", "{0E79B6FB-8F21-4A19-8988-4BE2AAF83944}"
EndProject
Project("{FAE04EC0-301F-11D3-BF4B-00C04F79EFBC}") = "BreweryServices.Tests", "BreweryServices.Tests\BreweryServices.Tests.csproj", "{C5937C6A-B8AD-4D40-93F6-1F7A99398927}"
EndProject
Global
	GlobalSection(SolutionConfigurationPlatforms) = preSolution
		Debug|Any CPU = Debug|Any CPU
		Release|Any CPU = Release|Any CPU
	EndGlobalSection
	GlobalSection(ProjectConfigurationPlatforms) = postSolution
		{0E79B6FB-8F21-4A19-8988-4BE2AAF83944}.Debug|Any CPU.ActiveCfg = Debug|Any CPU
		{0E79B6FB-8F21-4A19-8988-4BE2AAF83944}.Debug|Any CPU.Build.0 = Debug|Any CPU
		{0E79B6FB-8F21-4A19-8988-4BE2AAF83944}.Release|Any CPU.ActiveCfg = Release|Any CPU
		{0E79B6FB-8F21-4A19-8988-4BE2AAF83944}.Release|Any CPU.Build.0 = Release|Any CPU
		{C5937C6A-B8AD-4D40-93F6-1F7A99398927}.Debug|Any CPU.ActiveCfg = Debug|Any CPU
		{C5937C6A-B8AD-4D40-93F6-1F7A99398927}.Debug|Any CPU.Build.0 = Debug|Any CPU
		{C5937C6A-B8AD-4D40-93F6-1F7A99398927}.Release|Any CPU.ActiveCfg = Release|Any CPU
		{C5937C6A-B8AD-4D40-93F6-1F7A99398927}.Release|Any CPU.Build.0 = Release|Any CPU
	EndGlobalSection
	GlobalSection(SolutionProperties) = preSolution
		HideSolutionNode = FALSE
	EndGlobalSection
EndGlobal
